// !$*UTF8*$!
{
	archiveVersion = 1;
	classes = {
	};
	objectVersion = 46;
	objects = {

/* Begin PBXBuildFile section */
		672F78201EDE0A72009C7C3A /* AppDelegate.swift in Sources */ = {isa = PBXBuildFile; fileRef = 672F781F1EDE0A72009C7C3A /* AppDelegate.swift */; };
		672F78221EDE0A72009C7C3A /* MemeMain.swift in Sources */ = {isa = PBXBuildFile; fileRef = 672F78211EDE0A72009C7C3A /* MemeMain.swift */; };
		672F78251EDE0A72009C7C3A /* Main.storyboard in Resources */ = {isa = PBXBuildFile; fileRef = 672F78231EDE0A72009C7C3A /* Main.storyboard */; };
		672F78271EDE0A72009C7C3A /* Assets.xcassets in Resources */ = {isa = PBXBuildFile; fileRef = 672F78261EDE0A72009C7C3A /* Assets.xcassets */; };
		672F782A1EDE0A72009C7C3A /* LaunchScreen.storyboard in Resources */ = {isa = PBXBuildFile; fileRef = 672F78281EDE0A72009C7C3A /* LaunchScreen.storyboard */; };
		67F0249E1EE0C39B00E3CDB4 /* MemeImage.swift in Sources */ = {isa = PBXBuildFile; fileRef = 67F0249D1EE0C39B00E3CDB4 /* MemeImage.swift */; };
		67F024A01EE0C62B00E3CDB4 /* MemeTableViewController.swift in Sources */ = {isa = PBXBuildFile; fileRef = 67F0249F1EE0C62B00E3CDB4 /* MemeTableViewController.swift */; };
		67F024A21EE0C64200E3CDB4 /* MemeCollectionViewController.swift in Sources */ = {isa = PBXBuildFile; fileRef = 67F024A11EE0C64200E3CDB4 /* MemeCollectionViewController.swift */; };
		67F024A41EE1BEEE00E3CDB4 /* MemeCollectionCell.swift in Sources */ = {isa = PBXBuildFile; fileRef = 67F024A31EE1BEEE00E3CDB4 /* MemeCollectionCell.swift */; };
		67F024A61EE1BEFF00E3CDB4 /* MemeTableCell.swift in Sources */ = {isa = PBXBuildFile; fileRef = 67F024A51EE1BEFF00E3CDB4 /* MemeTableCell.swift */; };
		67F024A81EE1C2C400E3CDB4 /* DetailMeme.swift in Sources */ = {isa = PBXBuildFile; fileRef = 67F024A71EE1C2C400E3CDB4 /* DetailMeme.swift */; };
/* End PBXBuildFile section */

/* Begin PBXFileReference section */
		672F781C1EDE0A72009C7C3A /* ImagePicker.app */ = {isa = PBXFileReference; explicitFileType = wrapper.application; includeInIndex = 0; path = ImagePicker.app; sourceTree = BUILT_PRODUCTS_DIR; };
		672F781F1EDE0A72009C7C3A /* AppDelegate.swift */ = {isa = PBXFileReference; lastKnownFileType = sourcecode.swift; path = AppDelegate.swift; sourceTree = "<group>"; };
		672F78211EDE0A72009C7C3A /* MemeMain.swift */ = {isa = PBXFileReference; lastKnownFileType = sourcecode.swift; path = MemeMain.swift; sourceTree = "<group>"; };
		672F78241EDE0A72009C7C3A /* Base */ = {isa = PBXFileReference; lastKnownFileType = file.storyboard; name = Base; path = Base.lproj/Main.storyboard; sourceTree = "<group>"; };
		672F78261EDE0A72009C7C3A /* Assets.xcassets */ = {isa = PBXFileReference; lastKnownFileType = folder.assetcatalog; path = Assets.xcassets; sourceTree = "<group>"; };
		672F78291EDE0A72009C7C3A /* Base */ = {isa = PBXFileReference; lastKnownFileType = file.storyboard; name = Base; path = Base.lproj/LaunchScreen.storyboard; sourceTree = "<group>"; };
		672F782B1EDE0A72009C7C3A /* Info.plist */ = {isa = PBXFileReference; lastKnownFileType = text.plist.xml; path = Info.plist; sourceTree = "<group>"; };
		67F0249D1EE0C39B00E3CDB4 /* MemeImage.swift */ = {isa = PBXFileReference; fileEncoding = 4; lastKnownFileType = sourcecode.swift; path = MemeImage.swift; sourceTree = "<group>"; };
		67F0249F1EE0C62B00E3CDB4 /* MemeTableViewController.swift */ = {isa = PBXFileReference; fileEncoding = 4; lastKnownFileType = sourcecode.swift; path = MemeTableViewController.swift; sourceTree = "<group>"; };
		67F024A11EE0C64200E3CDB4 /* MemeCollectionViewController.swift */ = {isa = PBXFileReference; fileEncoding = 4; lastKnownFileType = sourcecode.swift; path = MemeCollectionViewController.swift; sourceTree = "<group>"; };
		67F024A31EE1BEEE00E3CDB4 /* MemeCollectionCell.swift */ = {isa = PBXFileReference; fileEncoding = 4; lastKnownFileType = sourcecode.swift; path = MemeCollectionCell.swift; sourceTree = "<group>"; };
		67F024A51EE1BEFF00E3CDB4 /* MemeTableCell.swift */ = {isa = PBXFileReference; fileEncoding = 4; lastKnownFileType = sourcecode.swift; path = MemeTableCell.swift; sourceTree = "<group>"; };
		67F024A71EE1C2C400E3CDB4 /* DetailMeme.swift */ = {isa = PBXFileReference; fileEncoding = 4; lastKnownFileType = sourcecode.swift; path = DetailMeme.swift; sourceTree = "<group>"; };
/* End PBXFileReference section */

/* Begin PBXFrameworksBuildPhase section */
		672F78191EDE0A72009C7C3A /* Frameworks */ = {
			isa = PBXFrameworksBuildPhase;
			buildActionMask = 2147483647;
			files = (
			);
			runOnlyForDeploymentPostprocessing = 0;
		};
/* End PBXFrameworksBuildPhase section */

/* Begin PBXGroup section */
		672F78131EDE0A72009C7C3A = {
			isa = PBXGroup;
			children = (
				672F781E1EDE0A72009C7C3A /* ImagePicker */,
				672F781D1EDE0A72009C7C3A /* Products */,
			);
			sourceTree = "<group>";
		};
		672F781D1EDE0A72009C7C3A /* Products */ = {
			isa = PBXGroup;
			children = (
				672F781C1EDE0A72009C7C3A /* ImagePicker.app */,
			);
			name = Products;
			sourceTree = "<group>";
		};
		672F781E1EDE0A72009C7C3A /* ImagePicker */ = {
			isa = PBXGroup;
			children = (
				672F781F1EDE0A72009C7C3A /* AppDelegate.swift */,
				672F78211EDE0A72009C7C3A /* MemeMain.swift */,
				67F0249F1EE0C62B00E3CDB4 /* MemeTableViewController.swift */,
				67F024A51EE1BEFF00E3CDB4 /* MemeTableCell.swift */,
				67F024A11EE0C64200E3CDB4 /* MemeCollectionViewController.swift */,
				67F024A71EE1C2C400E3CDB4 /* DetailMeme.swift */,
				67F024A31EE1BEEE00E3CDB4 /* MemeCollectionCell.swift */,
				67F0249D1EE0C39B00E3CDB4 /* MemeImage.swift */,
				672F78231EDE0A72009C7C3A /* Main.storyboard */,
				672F78261EDE0A72009C7C3A /* Assets.xcassets */,
				672F78281EDE0A72009C7C3A /* LaunchScreen.storyboard */,
				672F782B1EDE0A72009C7C3A /* Info.plist */,
			);
			path = ImagePicker;
			sourceTree = "<group>";
		};
/* End PBXGroup section */

/* Begin PBXNativeTarget section */
		672F781B1EDE0A72009C7C3A /* ImagePicker */ = {
			isa = PBXNativeTarget;
			buildConfigurationList = 672F782E1EDE0A72009C7C3A /* Build configuration list for PBXNativeTarget "ImagePicker" */;
			buildPhases = (
				672F78181EDE0A72009C7C3A /* Sources */,
				672F78191EDE0A72009C7C3A /* Frameworks */,
				672F781A1EDE0A72009C7C3A /* Resources */,
			);
			buildRules = (
			);
			dependencies = (
			);
			name = ImagePicker;
			productName = ImagePicker;
			productReference = 672F781C1EDE0A72009C7C3A /* ImagePicker.app */;
			productType = "com.apple.product-type.application";
		};
/* End PBXNativeTarget section */

/* Begin PBXProject section */
		672F78141EDE0A72009C7C3A /* Project object */ = {
			isa = PBXProject;
			attributes = {
				LastSwiftUpdateCheck = 0830;
				LastUpgradeCheck = 0830;
				ORGANIZATIONNAME = GthomasWADE;
				TargetAttributes = {
					672F781B1EDE0A72009C7C3A = {
						CreatedOnToolsVersion = 8.3.2;
						ProvisioningStyle = Automatic;
					};
				};
			};
			buildConfigurationList = 672F78171EDE0A72009C7C3A /* Build configuration list for PBXProject "ImagePicker" */;
			compatibilityVersion = "Xcode 3.2";
			developmentRegion = English;
			hasScannedForEncodings = 0;
			knownRegions = (
				en,
				Base,
			);
			mainGroup = 672F78131EDE0A72009C7C3A;
			productRefGroup = 672F781D1EDE0A72009C7C3A /* Products */;
			projectDirPath = "";
			projectRoot = "";
			targets = (
				672F781B1EDE0A72009C7C3A /* ImagePicker */,
			);
		};
/* End PBXProject section */

/* Begin PBXResourcesBuildPhase section */
		672F781A1EDE0A72009C7C3A /* Resources */ = {
			isa = PBXResourcesBuildPhase;
			buildActionMask = 2147483647;
			files = (
				672F782A1EDE0A72009C7C3A /* LaunchScreen.storyboard in Resources */,
				672F78271EDE0A72009C7C3A /* Assets.xcassets in Resources */,
				672F78251EDE0A72009C7C3A /* Main.storyboard in Resources */,
			);
			runOnlyForDeploymentPostprocessing = 0;
		};
/* End PBXResourcesBuildPhase section */

/* Begin PBXSourcesBuildPhase section */
		672F78181EDE0A72009C7C3A /* Sources */ = {
			isa = PBXSourcesBuildPhase;
			buildActionMask = 2147483647;
			files = (
				67F0249E1EE0C39B00E3CDB4 /* MemeImage.swift in Sources */,
				67F024A61EE1BEFF00E3CDB4 /* MemeTableCell.swift in Sources */,
				67F024A81EE1C2C400E3CDB4 /* DetailMeme.swift in Sources */,
				672F78221EDE0A72009C7C3A /* MemeMain.swift in Sources */,
				67F024A21EE0C64200E3CDB4 /* MemeCollectionViewController.swift in Sources */,
				67F024A41EE1BEEE00E3CDB4 /* MemeCollectionCell.swift in Sources */,
				672F78201EDE0A72009C7C3A /* AppDelegate.swift in Sources */,
				67F024A01EE0C62B00E3CDB4 /* MemeTableViewController.swift in Sources */,
			);
			runOnlyForDeploymentPostprocessing = 0;
		};
/* End PBXSourcesBuildPhase section */

/* Begin PBXVariantGroup section */
		672F78231EDE0A72009C7C3A /* Main.storyboard */ = {
			isa = PBXVariantGroup;
			children = (
				672F78241EDE0A72009C7C3A /* Base */,
			);
			name = Main.storyboard;
			sourceTree = "<group>";
		};
		672F78281EDE0A72009C7C3A /* LaunchScreen.storyboard */ = {
			isa = PBXVariantGroup;
			children = (
				672F78291EDE0A72009C7C3A /* Base */,
			);
			name = LaunchScreen.storyboard;
			sourceTree = "<group>";
		};
/* End PBXVariantGroup section */

/* Begin XCBuildConfiguration section */
		672F782C1EDE0A72009C7C3A /* Debug */ = {
			isa = XCBuildConfiguration;
			buildSettings = {
				ALWAYS_SEARCH_USER_PATHS = NO;
				CLANG_ANALYZER_NONNULL = YES;
				CLANG_ANALYZER_NUMBER_OBJECT_CONVERSION = YES_AGGRESSIVE;
				CLANG_CXX_LANGUAGE_STANDARD = "gnu++0x";
				CLANG_CXX_LIBRARY = "libc++";
				CLANG_ENABLE_MODULES = YES;
				CLANG_ENABLE_OBJC_ARC = YES;
				CLANG_WARN_BOOL_CONVERSION = YES;
				CLANG_WARN_CONSTANT_CONVERSION = YES;
				CLANG_WARN_DIRECT_OBJC_ISA_USAGE = YES_ERROR;
				CLANG_WARN_DOCUMENTATION_COMMENTS = YES;
				CLANG_WARN_EMPTY_BODY = YES;
				CLANG_WARN_ENUM_CONVERSION = YES;
				CLANG_WARN_INFINITE_RECURSION = YES;
				CLANG_WARN_INT_CONVERSION = YES;
				CLANG_WARN_OBJC_ROOT_CLASS = YES_ERROR;
				CLANG_WARN_SUSPICIOUS_MOVE = YES;
				CLANG_WARN_UNREACHABLE_CODE = YES;
				CLANG_WARN__DUPLICATE_METHOD_MATCH = YES;
				"CODE_SIGN_IDENTITY[sdk=iphoneos*]" = "iPhone Developer";
				COPY_PHASE_STRIP = NO;
				DEBUG_INFORMATION_FORMAT = dwarf;
				ENABLE_STRICT_OBJC_MSGSEND = YES;
				ENABLE_TESTABILITY = YES;
				GCC_C_LANGUAGE_STANDARD = gnu99;
				GCC_DYNAMIC_NO_PIC = NO;
				GCC_NO_COMMON_BLOCKS = YES;
				GCC_OPTIMIZATION_LEVEL = 0;
				GCC_PREPROCESSOR_DEFINITIONS = (
					"DEBUG=1",
					"$(inherited)",
				);
				GCC_WARN_64_TO_32_BIT_CONVERSION = YES;
				GCC_WARN_ABOUT_RETURN_TYPE = YES_ERROR;
				GCC_WARN_UNDECLARED_SELECTOR = YES;
				GCC_WARN_UNINITIALIZED_AUTOS = YES_AGGRESSIVE;
				GCC_WARN_UNUSED_FUNCTION = YES;
				GCC_WARN_UNUSED_VARIABLE = YES;
				IPHONEOS_DEPLOYMENT_TARGET = 10.3;
				MTL_ENABLE_DEBUG_INFO = YES;
				ONLY_ACTIVE_ARCH = YES;
				SDKROOT = iphoneos;
				SWIFT_ACTIVE_COMPILATION_CONDITIONS = DEBUG;
				SWIFT_OPTIMIZATION_LEVEL = "-Onone";
			};
			name = Debug;
		};
		672F782D1EDE0A72009C7C3A /* Release */ = {
			isa = XCBuildConfiguration;
			buildSettings = {
				ALWAYS_SEARCH_USER_PATHS = NO;
				CLANG_ANALYZER_NONNULL = YES;
				CLANG_ANALYZER_NUMBER_OBJECT_CONVERSION = YES_AGGRESSIVE;
				CLANG_CXX_LANGUAGE_STANDARD = "gnu++0x";
				CLANG_CXX_LIBRARY = "libc++";
				CLANG_ENABLE_MODULES = YES;
				CLANG_ENABLE_OBJC_ARC = YES;
				CLANG_WARN_BOOL_CONVERSION = YES;
				CLANG_WARN_CONSTANT_CONVERSION = YES;
				CLANG_WARN_DIRECT_OBJC_ISA_USAGE = YES_ERROR;
				CLANG_WARN_DOCUMENTATION_COMMENTS = YES;
				CLANG_WARN_EMPTY_BODY = YES;
				CLANG_WARN_ENUM_CONVERSION = YES;
				CLANG_WARN_INFINITE_RECURSION = YES;
				CLANG_WARN_INT_CONVERSION = YES;
				CLANG_WARN_OBJC_ROOT_CLASS = YES_ERROR;
				CLANG_WARN_SUSPICIOUS_MOVE = YES;
				CLANG_WARN_UNREACHABLE_CODE = YES;
				CLANG_WARN__DUPLICATE_METHOD_MATCH = YES;
				"CODE_SIGN_IDENTITY[sdk=iphoneos*]" = "iPhone Developer";
				COPY_PHASE_STRIP = NO;
				DEBUG_INFORMATION_FORMAT = "dwarf-with-dsym";
				ENABLE_NS_ASSERTIONS = NO;
				ENABLE_STRICT_OBJC_MSGSEND = YES;
				GCC_C_LANGUAGE_STANDARD = gnu99;
				GCC_NO_COMMON_BLOCKS = YES;
				GCC_WARN_64_TO_32_BIT_CONVERSION = YES;
				GCC_WARN_ABOUT_RETURN_TYPE = YES_ERROR;
				GCC_WARN_UNDECLARED_SELECTOR = YES;
				GCC_WARN_UNINITIALIZED_AUTOS = YES_AGGRESSIVE;
				GCC_WARN_UNUSED_FUNCTION = YES;
				GCC_WARN_UNUSED_VARIABLE = YES;
				IPHONEOS_DEPLOYMENT_TARGET = 10.3;
				MTL_ENABLE_DEBUG_INFO = NO;
				SDKROOT = iphoneos;
				SWIFT_OPTIMIZATION_LEVEL = "-Owholemodule";
				VALIDATE_PRODUCT = YES;
			};
			name = Release;
		};
		672F782F1EDE0A72009C7C3A /* Debug */ = {
			isa = XCBuildConfiguration;
			buildSettings = {
				ASSETCATALOG_COMPILER_APPICON_NAME = AppIcon;
				INFOPLIST_FILE = ImagePicker/Info.plist;
				LD_RUNPATH_SEARCH_PATHS = "$(inherited) @executable_path/Frameworks";
				PRODUCT_BUNDLE_IDENTIFIER = C.ImagePicker;
				PRODUCT_NAME = "$(TARGET_NAME)";
				SWIFT_VERSION = 3.0;
			};
			name = Debug;
		};
		672F78301EDE0A72009C7C3A /* Release */ = {
			isa = XCBuildConfiguration;
			buildSettings = {
				ASSETCATALOG_COMPILER_APPICON_NAME = AppIcon;
				INFOPLIST_FILE = ImagePicker/Info.plist;
				LD_RUNPATH_SEARCH_PATHS = "$(inherited) @executable_path/Frameworks";
				PRODUCT_BUNDLE_IDENTIFIER = C.ImagePicker;
				PRODUCT_NAME = "$(TARGET_NAME)";
				SWIFT_VERSION = 3.0;
			};
			name = Release;
		};
/* End XCBuildConfiguration section */

/* Begin XCConfigurationList section */
		672F78171EDE0A72009C7C3A /* Build configuration list for PBXProject "ImagePicker" */ = {
			isa = XCConfigurationList;
			buildConfigurations = (
				672F782C1EDE0A72009C7C3A /* Debug */,
				672F782D1EDE0A72009C7C3A /* Release */,
			);
			defaultConfigurationIsVisible = 0;
			defaultConfigurationName = Release;
		};
		672F782E1EDE0A72009C7C3A /* Build configuration list for PBXNativeTarget "ImagePicker" */ = {
			isa = XCConfigurationList;
			buildConfigurations = (
				672F782F1EDE0A72009C7C3A /* Debug */,
				672F78301EDE0A72009C7C3A /* Release */,
			);
			defaultConfigurationIsVisible = 0;
			defaultConfigurationName = Release;
		};
/* End XCConfigurationList section */
	};
	rootObject = 672F78141EDE0A72009C7C3A /* Project object */;
}
